{
  "name": "examples",
  "version": "0.0.0",
  "lockfileVersion": 2,
  "requires": true,
  "packages": {
    "": {
      "name": "examples",
      "version": "0.0.0",
      "license": "MIT",
      "devDependencies": {
        "eslint-plugin-peggy": "file:.."
      }
    },
    "..": {
      "version": "0.0.0",
      "dev": true,
      "license": "MIT",
      "dependencies": {
        "peggy": "github:peggyjs/peggy",
        "source-map-js": "1.0.2"
      },
      "devDependencies": {
        "@peggyjs/eslint-config": "2.0.0",
        "eslint": "8.19.0"
      },
      "engines": {
        "node": ">=18"
      }
    },
    "node_modules/eslint-plugin-peggy": {
      "resolved": "..",
      "link": true
    }
  },
  "dependencies": {
    "eslint-plugin-peggy": {
      "version": "file:..",
      "requires": {
        "@peggyjs/eslint-config": "2.0.0",
        "eslint": "8.19.0",
        "peggy": "github:peggyjs/peggy",
        "source-map-js": "1.0.2"
      }
    }
  }
}
